PODS:
  - CJCarouselView (0.1.0)
  - FLEX (4.2.1)
  - Masonry (1.1.0)
  - SDWebImage (5.9.4):
    - SDWebImage/Core (= 5.9.4)
  - SDWebImage/Core (5.9.4)

DEPENDENCIES:
  - CJCarouselView (from `../`)
  - FLEX
  - Masonry
  - SDWebImage

SPEC REPOS:
  trunk:
    - FLEX
    - Masonry
    - SDWebImage

EXTERNAL SOURCES:
  CJCarouselView:
    :path: "../"

SPEC CHECKSUMS:
  CJCarouselView: edfa2c249dec709620d0f2b4bd86a9b3c66d297f
  FLEX: 64f134947679a5eab867843aef1f125a5c7c7d77
  Masonry: 678fab65091a9290e40e2832a55e7ab731aad201
  SDWebImage: b69257f4ab14e9b6a2ef53e910fdf914d8f757c1

PODFILE CHECKSUM: 5c28ece44db0b7554762136a184c64e64f22ead0

COCOAPODS: 1.9.3
